PODS:
  - QBImagePickerController (3.4.0)
  - RSKImageCropper (2.2.1)

DEPENDENCIES:
  - QBImagePickerController
  - RSKImageCropper

SPEC REPOS:
  https://github.com/cocoapods/specs.git:
    - QBImagePickerController
    - RSKImageCropper

SPEC CHECKSUMS:
  QBImagePickerController: d54cf93db6decf26baf6ed3472f336ef35cae022
  RSKImageCropper: 98296ad26b41753f796b6898d015509598f13d97

PODFILE CHECKSUM: 81ac4e598fcdaa428da02eb30788ca93f2f98410

COCOAPODS: 1.6.1
